
Microsoft Visual Studio Solution File, Format Version 12.00
# Visual Studio Version 17
VisualStudioVersion = 17.8.34511.84
MinimumVisualStudioVersion = 10.0.40219.1
Project("{9A19103F-16F7-4668-BE54-9A1E7A4F7556}") = "DevFreela.API", "DevFreela.API\DevFreela.API.csproj", "{D2DF80D3-A105-41C6-9146-663DD1E08D42}"
EndProject
Project("{FAE04EC0-301F-11D3-BF4B-00C04F79EFBC}") = "DevFreela.Core", "..\DevFreela.Core\DevFreela.Core.csproj", "{F61E1739-6064-4078-B555-40A3DFCB5148}"
EndProject
Global
	GlobalSection(SolutionConfigurationPlatforms) = preSolution
		Debug|Any CPU = Debug|Any CPU
		Release|Any CPU = Release|Any CPU
	EndGlobalSection
	GlobalSection(ProjectConfigurationPlatforms) = postSolution
		{D2DF80D3-A105-41C6-9146-663DD1E08D42}.Debug|Any CPU.ActiveCfg = Debug|Any CPU
		{D2DF80D3-A105-41C6-9146-663DD1E08D42}.Debug|Any CPU.Build.0 = Debug|Any CPU
		{D2DF80D3-A105-41C6-9146-663DD1E08D42}.Release|Any CPU.ActiveCfg = Release|Any CPU
		{D2DF80D3-A105-41C6-9146-663DD1E08D42}.Release|Any CPU.Build.0 = Release|Any CPU
		{F61E1739-6064-4078-B555-40A3DFCB5148}.Debug|Any CPU.ActiveCfg = Debug|Any CPU
		{F61E1739-6064-4078-B555-40A3DFCB5148}.Debug|Any CPU.Build.0 = Debug|Any CPU
		{F61E1739-6064-4078-B555-40A3DFCB5148}.Release|Any CPU.ActiveCfg = Release|Any CPU
		{F61E1739-6064-4078-B555-40A3DFCB5148}.Release|Any CPU.Build.0 = Release|Any CPU
	EndGlobalSection
	GlobalSection(SolutionProperties) = preSolution
		HideSolutionNode = FALSE
	EndGlobalSection
	GlobalSection(ExtensibilityGlobals) = postSolution
		SolutionGuid = {1B0F3A85-7962-4B1F-9E58-C7F3B28C85A6}
	EndGlobalSection
EndGlobal
